<?xml version="1.0" encoding="utf-8"?>
<Project ToolsVersion="4.0" xmlns="http://schemas.microsoft.com/developer/msbuild/2003">
  <ItemGroup>
    <Filter Include="Исходные файлы">
      <UniqueIdentifier>{4FC737F1-C7A5-4376-A066-2A32D752A2FF}</UniqueIdentifier>
      <Extensions>cpp;c;cc;cxx;def;odl;idl;hpj;bat;asm;asmx</Extensions>
    </Filter>
    <Filter Include="Файлы ресурсов">
      <UniqueIdentifier>{67DA6AB6-F800-4c08-8B7A-83BB121AAD01}</UniqueIdentifier>
      <Extensions>rc;ico;cur;bmp;dlg;rc2;rct;bin;rgs;gif;jpg;jpeg;jpe;resx;tiff;tif;png;wav;mfcribbon-ms</Extensions>
    </Filter>
    <Filter Include="Файлы ресурсов\media">
      <UniqueIdentifier>{e4179bac-619e-43a6-a4c0-b173c13ebc1e}</UniqueIdentifier>
    </Filter>
    <Filter Include="Файлы ресурсов\media\images">
      <UniqueIdentifier>{f4bf75aa-694e-4e98-a7bb-e71309a09459}</UniqueIdentifier>
    </Filter>
    <Filter Include="Файлы ресурсов\media\textures">
      <UniqueIdentifier>{087381ee-d6a7-4227-bbf6-df8e4ec09b5f}</UniqueIdentifier>
    </Filter>
    <Filter Include="Файлы ресурсов\media\sound">
      <UniqueIdentifier>{7345afbe-7945-427f-ac7e-31b114334528}</UniqueIdentifier>
    </Filter>
    <Filter Include="Файлы ресурсов\media\fonts">
      <UniqueIdentifier>{4fa7d49b-6684-4ef9-aa70-a466d9cbec9c}</UniqueIdentifier>
    </Filter>
    <Filter Include="Файлы ресурсов\media\sound\music">
      <UniqueIdentifier>{f211e938-2fc4-4277-a920-f270d4c3d4fc}</UniqueIdentifier>
    </Filter>
    <Filter Include="Файлы ресурсов\media\textures\Industry">
      <UniqueIdentifier>{e43e3291-1be2-4f85-ae0f-16cf9e3dfe59}</UniqueIdentifier>
    </Filter>
    <Filter Include="Файлы ресурсов\media\textures\Land">
      <UniqueIdentifier>{7f1ef4a1-8217-42cf-84c2-8a1c71c3a960}</UniqueIdentifier>
    </Filter>
    <Filter Include="Файлы ресурсов\media\textures\Roads">
      <UniqueIdentifier>{ac61d782-9a92-4249-8af1-1c78f086247e}</UniqueIdentifier>
    </Filter>
    <Filter Include="Исходные файлы\Engine">
      <UniqueIdentifier>{1280c49c-142f-42c2-9de3-ef1efe72ee11}</UniqueIdentifier>
    </Filter>
    <Filter Include="Исходные файлы\Gui">
      <UniqueIdentifier>{1d518ef0-7951-4428-b8d5-77ec35d0feae}</UniqueIdentifier>
    </Filter>
    <Filter Include="Исходные файлы\Engine\Graphics">
      <UniqueIdentifier>{7f5b20ad-b9ba-4a37-a25b-0fe74ed9c895}</UniqueIdentifier>
    </Filter>
    <Filter Include="Исходные файлы\Engine\Resources">
      <UniqueIdentifier>{ee5498c5-431a-4dc5-8841-b659293489ae}</UniqueIdentifier>
    </Filter>
    <Filter Include="Исходные файлы\Engine\States">
      <UniqueIdentifier>{42a812e3-881b-4d00-acda-33a6d3a69443}</UniqueIdentifier>
    </Filter>
    <Filter Include="Исходные файлы\Engine\Mechanics">
      <UniqueIdentifier>{14aaec8f-8343-4948-aa05-fcad34f44ef0}</UniqueIdentifier>
    </Filter>
    <Filter Include="Исходные файлы\Player">
      <UniqueIdentifier>{2594a1a2-7474-4b1d-a53c-9522148394b7}</UniqueIdentifier>
    </Filter>
    <Filter Include="Исходные файлы\Map">
      <UniqueIdentifier>{48220074-2c72-4d83-b2de-9c9f2a0a0da3}</UniqueIdentifier>
    </Filter>
    <Filter Include="Исходные файлы\Objects">
      <UniqueIdentifier>{f8eb36a2-576f-4919-aecd-8c15d85ebeaf}</UniqueIdentifier>
    </Filter>
    <Filter Include="Исходные файлы\Engine\Mechanics\Pathfinder">
      <UniqueIdentifier>{cc74e158-e88c-4eed-88ab-f535312a1d2a}</UniqueIdentifier>
    </Filter>
    <Filter Include="Исходные файлы\Engine\IOutput">
      <UniqueIdentifier>{1fcef1b3-e095-46c4-bb54-80a7129051bf}</UniqueIdentifier>
    </Filter>
    <Filter Include="Исходные файлы\ImGui">
      <UniqueIdentifier>{c6c38dc5-2b81-4658-af6a-a06fb6d0bdca}</UniqueIdentifier>
    </Filter>
  </ItemGroup>
  <ItemGroup>
    <ClCompile Include="main.cpp">
      <Filter>Исходные файлы</Filter>
    </ClCompile>
    <ClCompile Include="Map\map.cpp">
      <Filter>Исходные файлы\Map</Filter>
    </ClCompile>
    <ClCompile Include="Gui\gui.cpp">
      <Filter>Исходные файлы\Gui</Filter>
    </ClCompile>
    <ClCompile Include="Engine\Mechanics\world.cpp">
      <Filter>Исходные файлы\Engine\Mechanics</Filter>
    </ClCompile>
    <ClCompile Include="Objects\object.cpp">
      <Filter>Исходные файлы\Objects</Filter>
    </ClCompile>
    <ClCompile Include="Map\cell.cpp">
      <Filter>Исходные файлы\Map</Filter>
    </ClCompile>
    <ClCompile Include="Objects\vehicle.cpp">
      <Filter>Исходные файлы\Objects</Filter>
    </ClCompile>
    <ClCompile Include="Map\tile.cpp">
      <Filter>Исходные файлы\Map</Filter>
    </ClCompile>
    <ClCompile Include="Engine\States\programstatestart.cpp">
      <Filter>Исходные файлы\Engine\States</Filter>
    </ClCompile>
    <ClCompile Include="Engine\States\programstatemain.cpp">
      <Filter>Исходные файлы\Engine\States</Filter>
    </ClCompile>
    <ClCompile Include="Engine\Resources\texturemanager.cpp">
      <Filter>Исходные файлы\Engine\Resources</Filter>
    </ClCompile>
    <ClCompile Include="Player\player.cpp">
      <Filter>Исходные файлы\Player</Filter>
    </ClCompile>
    <ClCompile Include="Engine\programengine.cpp">
      <Filter>Исходные файлы\Engine</Filter>
    </ClCompile>
    <ClCompile Include="Engine\Graphics\view.cpp">
      <Filter>Исходные файлы\Engine\Graphics</Filter>
    </ClCompile>
    <ClCompile Include="Engine\IOutput\IOutput.cpp">
      <Filter>Исходные файлы\Engine\IOutput</Filter>
    </ClCompile>
    <ClCompile Include="Engine\Mechanics\Pathfinder\Pathfinder.cpp">
      <Filter>Исходные файлы\Engine\Mechanics\Pathfinder</Filter>
    </ClCompile>
    <ClCompile Include="ImGui\imgui.cpp">
      <Filter>Исходные файлы\ImGui</Filter>
    </ClCompile>
    <ClCompile Include="ImGui\imgui_demo.cpp">
      <Filter>Исходные файлы\ImGui</Filter>
    </ClCompile>
    <ClCompile Include="ImGui\imgui_draw.cpp">
      <Filter>Исходные файлы\ImGui</Filter>
    </ClCompile>
    <ClCompile Include="ImGui\imgui-SFML.cpp">
      <Filter>Исходные файлы\ImGui</Filter>
    </ClCompile>
  </ItemGroup>
  <ItemGroup>
    <ClInclude Include="resources.h">
      <Filter>Исходные файлы</Filter>
    </ClInclude>
    <ClInclude Include="Map\map.h">
      <Filter>Исходные файлы\Map</Filter>
    </ClInclude>
    <ClInclude Include="Gui\gui.h">
      <Filter>Исходные файлы\Gui</Filter>
    </ClInclude>
    <ClInclude Include="Engine\Mechanics\world.h">
      <Filter>Исходные файлы\Engine\Mechanics</Filter>
    </ClInclude>
    <ClInclude Include="Map\cell.h">
      <Filter>Исходные файлы\Map</Filter>
    </ClInclude>
    <ClInclude Include="Objects\object.h">
      <Filter>Исходные файлы\Objects</Filter>
    </ClInclude>
    <ClInclude Include="Player\player.h">
      <Filter>Исходные файлы\Player</Filter>
    </ClInclude>
    <ClInclude Include="Engine\programengine.h">
      <Filter>Исходные файлы\Engine</Filter>
    </ClInclude>
    <ClInclude Include="Engine\States\programstate.h">
      <Filter>Исходные файлы\Engine\States</Filter>
    </ClInclude>
    <ClInclude Include="Engine\States\programstatemain.h">
      <Filter>Исходные файлы\Engine\States</Filter>
    </ClInclude>
    <ClInclude Include="Engine\States\programstatestart.h">
      <Filter>Исходные файлы\Engine\States</Filter>
    </ClInclude>
    <ClInclude Include="Engine\Resources\texturemanager.h">
      <Filter>Исходные файлы\Engine\Resources</Filter>
    </ClInclude>
    <ClInclude Include="Objects\vehicle.h">
      <Filter>Исходные файлы\Objects</Filter>
    </ClInclude>
    <ClInclude Include="Map\tile.h">
      <Filter>Исходные файлы\Map</Filter>
    </ClInclude>
    <ClInclude Include="Engine\Graphics\view.h">
      <Filter>Исходные файлы\Engine\Graphics</Filter>
    </ClInclude>
    <ClInclude Include="Engine\IOutput\IOutput.h">
      <Filter>Исходные файлы\Engine\IOutput</Filter>
    </ClInclude>
    <ClInclude Include="Engine\Mechanics\Pathfinder\Pathfinder.h">
      <Filter>Исходные файлы\Engine\Mechanics\Pathfinder</Filter>
    </ClInclude>
  </ItemGroup>
  <ItemGroup>
    <None Include="tycoon.ini">
      <Filter>Файлы ресурсов</Filter>
    </None>
    <None Include="media\sound\music\play1.ogg">
      <Filter>Файлы ресурсов\media\sound\music</Filter>
    </None>
    <None Include="..\.gitignore">
      <Filter>Исходные файлы</Filter>
    </None>
  </ItemGroup>
  <ItemGroup>
    <Image Include="media\object.png">
      <Filter>Файлы ресурсов\media</Filter>
    </Image>
    <Image Include="media\images\flat1.jpg">
      <Filter>Файлы ресурсов\media\images</Filter>
    </Image>
    <Image Include="media\textures\Industry\Bank.png">
      <Filter>Файлы ресурсов\media\textures\Industry</Filter>
    </Image>
    <Image Include="media\textures\Industry\Coalmine.png">
      <Filter>Файлы ресурсов\media\textures\Industry</Filter>
    </Image>
    <Image Include="media\textures\Industry\Factory.png">
      <Filter>Файлы ресурсов\media\textures\Industry</Filter>
    </Image>
    <Image Include="media\textures\Industry\Farm.png">
      <Filter>Файлы ресурсов\media\textures\Industry</Filter>
    </Image>
    <Image Include="media\textures\Industry\Forest(industry).png">
      <Filter>Файлы ресурсов\media\textures\Industry</Filter>
    </Image>
    <Image Include="media\textures\Industry\Ironoremine.png">
      <Filter>Файлы ресурсов\media\textures\Industry</Filter>
    </Image>
    <Image Include="media\textures\Industry\Oilrefinery.png">
      <Filter>Файлы ресурсов\media\textures\Industry</Filter>
    </Image>
    <Image Include="media\textures\Industry\Oilrig.png">
      <Filter>Файлы ресурсов\media\textures\Industry</Filter>
    </Image>
    <Image Include="media\textures\Industry\Oilwells.png">
      <Filter>Файлы ресурсов\media\textures\Industry</Filter>
    </Image>
    <Image Include="media\textures\Industry\powerstation.png">
      <Filter>Файлы ресурсов\media\textures\Industry</Filter>
    </Image>
    <Image Include="media\textures\Industry\Sawmill.png">
      <Filter>Файлы ресурсов\media\textures\Industry</Filter>
    </Image>
    <Image Include="media\textures\Industry\Steelmill.png">
      <Filter>Файлы ресурсов\media\textures\Industry</Filter>
    </Image>
    <Image Include="media\textures\Land\deepwater.png">
      <Filter>Файлы ресурсов\media\textures\Land</Filter>
    </Image>
    <Image Include="media\textures\Land\factory.png">
      <Filter>Файлы ресурсов\media\textures\Land</Filter>
    </Image>
    <Image Include="media\textures\Land\forest.png">
      <Filter>Файлы ресурсов\media\textures\Land</Filter>
    </Image>
    <Image Include="media\textures\Land\plain.png">
      <Filter>Файлы ресурсов\media\textures\Land</Filter>
    </Image>
    <Image Include="media\textures\Land\red.png">
      <Filter>Файлы ресурсов\media\textures\Land</Filter>
    </Image>
    <Image Include="media\textures\Land\sand.png">
      <Filter>Файлы ресурсов\media\textures\Land</Filter>
    </Image>
    <Image Include="media\textures\Land\snow.png">
      <Filter>Файлы ресурсов\media\textures\Land</Filter>
    </Image>
    <Image Include="media\textures\Land\stone1.png">
      <Filter>Файлы ресурсов\media\textures\Land</Filter>
    </Image>
    <Image Include="media\textures\Land\stone2.png">
      <Filter>Файлы ресурсов\media\textures\Land</Filter>
    </Image>
    <Image Include="media\textures\Land\water.png">
      <Filter>Файлы ресурсов\media\textures\Land</Filter>
    </Image>
    <Image Include="media\textures\Roads\road0path1.png">
      <Filter>Файлы ресурсов\media\textures\Roads</Filter>
    </Image>
    <Image Include="media\textures\Roads\road1path1.png">
      <Filter>Файлы ресурсов\media\textures\Roads</Filter>
    </Image>
    <Image Include="media\textures\Roads\road1path2.png">
      <Filter>Файлы ресурсов\media\textures\Roads</Filter>
    </Image>
    <Image Include="media\textures\Roads\road1path3.png">
      <Filter>Файлы ресурсов\media\textures\Roads</Filter>
    </Image>
    <Image Include="media\textures\Roads\road1path4.png">
      <Filter>Файлы ресурсов\media\textures\Roads</Filter>
    </Image>
    <Image Include="media\textures\Roads\road2path1.png">
      <Filter>Файлы ресурсов\media\textures\Roads</Filter>
    </Image>
    <Image Include="media\textures\Roads\road2path2.png">
      <Filter>Файлы ресурсов\media\textures\Roads</Filter>
    </Image>
    <Image Include="media\textures\Roads\road2path3.png">
      <Filter>Файлы ресурсов\media\textures\Roads</Filter>
    </Image>
    <Image Include="media\textures\Roads\road2path4.png">
      <Filter>Файлы ресурсов\media\textures\Roads</Filter>
    </Image>
    <Image Include="media\textures\Roads\road2path5.png">
      <Filter>Файлы ресурсов\media\textures\Roads</Filter>
    </Image>
    <Image Include="media\textures\Roads\road2path6.png">
      <Filter>Файлы ресурсов\media\textures\Roads</Filter>
    </Image>
    <Image Include="media\textures\Roads\road3path1.png">
      <Filter>Файлы ресурсов\media\textures\Roads</Filter>
    </Image>
    <Image Include="media\textures\Roads\road3path2.png">
      <Filter>Файлы ресурсов\media\textures\Roads</Filter>
    </Image>
    <Image Include="media\textures\Roads\road3path3.png">
      <Filter>Файлы ресурсов\media\textures\Roads</Filter>
    </Image>
    <Image Include="media\textures\Roads\road3path4.png">
      <Filter>Файлы ресурсов\media\textures\Roads</Filter>
    </Image>
    <Image Include="media\textures\Roads\road4path1.png">
      <Filter>Файлы ресурсов\media\textures\Roads</Filter>
    </Image>
  </ItemGroup>
  <ItemGroup>
    <Font Include="media\fonts\RobotoSlab-Bold.ttf">
      <Filter>Файлы ресурсов\media\fonts</Filter>
    </Font>
    <Font Include="media\fonts\RobotoSlab-Light.ttf">
      <Filter>Файлы ресурсов\media\fonts</Filter>
    </Font>
    <Font Include="media\fonts\RobotoSlab-Regular.ttf">
      <Filter>Файлы ресурсов\media\fonts</Filter>
    </Font>
    <Font Include="media\fonts\RobotoSlab-Thin.ttf">
      <Filter>Файлы ресурсов\media\fonts</Filter>
    </Font>
  </ItemGroup>
  <ItemGroup>
    <Text Include="README.md">
      <Filter>Исходные файлы</Filter>
    </Text>
  </ItemGroup>
</Project>